
Microsoft Visual Studio Solution File, Format Version 12.00
# Visual Studio 2012
Project("{FAE04EC0-301F-11D3-BF4B-00C04F79EFBC}") = "MathQuiz", "MathQuiz\MathQuiz.csproj", "{A6091493-F9C6-476B-A1EB-FB5365DD6748}"
EndProject
Global
	GlobalSection(SolutionConfigurationPlatforms) = preSolution
		Debug|Any CPU = Debug|Any CPU
		Release|Any CPU = Release|Any CPU
	EndGlobalSection
	GlobalSection(ProjectConfigurationPlatforms) = postSolution
		{A6091493-F9C6-476B-A1EB-FB5365DD6748}.Debug|Any CPU.ActiveCfg = Debug|Any CPU
		{A6091493-F9C6-476B-A1EB-FB5365DD6748}.Debug|Any CPU.Build.0 = Debug|Any CPU
		{A6091493-F9C6-476B-A1EB-FB5365DD6748}.Release|Any CPU.ActiveCfg = Release|Any CPU
		{A6091493-F9C6-476B-A1EB-FB5365DD6748}.Release|Any CPU.Build.0 = Release|Any CPU
	EndGlobalSection
	GlobalSection(SolutionProperties) = preSolution
		HideSolutionNode = FALSE
	EndGlobalSection
EndGlobal
